
Microsoft Visual Studio Solution File, Format Version 12.00
# Visual Studio Version 16
VisualStudioVersion = 16.0.30523.141
MinimumVisualStudioVersion = 10.0.40219.1
Project("{FAE04EC0-301F-11D3-BF4B-00C04F79EFBC}") = "Task10", "Task10\Task10.csproj", "{99551CE1-B86F-47C7-86EA-177A60E824F4}"
EndProject
Project("{FAE04EC0-301F-11D3-BF4B-00C04F79EFBC}") = "UnitTestProject", "UnitTestProject\UnitTestProject.csproj", "{8A7DE6A6-27EE-484D-8286-53BB91135914}"
EndProject
Global
	GlobalSection(SolutionConfigurationPlatforms) = preSolution
		Debug|Any CPU = Debug|Any CPU
		Release|Any CPU = Release|Any CPU
	EndGlobalSection
	GlobalSection(ProjectConfigurationPlatforms) = postSolution
		{99551CE1-B86F-47C7-86EA-177A60E824F4}.Debug|Any CPU.ActiveCfg = Debug|Any CPU
		{99551CE1-B86F-47C7-86EA-177A60E824F4}.Debug|Any CPU.Build.0 = Debug|Any CPU
		{99551CE1-B86F-47C7-86EA-177A60E824F4}.Release|Any CPU.ActiveCfg = Release|Any CPU
		{99551CE1-B86F-47C7-86EA-177A60E824F4}.Release|Any CPU.Build.0 = Release|Any CPU
		{8A7DE6A6-27EE-484D-8286-53BB91135914}.Debug|Any CPU.ActiveCfg = Debug|Any CPU
		{8A7DE6A6-27EE-484D-8286-53BB91135914}.Debug|Any CPU.Build.0 = Debug|Any CPU
		{8A7DE6A6-27EE-484D-8286-53BB91135914}.Release|Any CPU.ActiveCfg = Release|Any CPU
		{8A7DE6A6-27EE-484D-8286-53BB91135914}.Release|Any CPU.Build.0 = Release|Any CPU
	EndGlobalSection
	GlobalSection(SolutionProperties) = preSolution
		HideSolutionNode = FALSE
	EndGlobalSection
	GlobalSection(ExtensibilityGlobals) = postSolution
		SolutionGuid = {7088E76A-6CC5-499D-8B9F-BB920E7F889F}
	EndGlobalSection
EndGlobal
