
Microsoft Visual Studio Solution File, Format Version 12.00
# Visual Studio Version 16
VisualStudioVersion = 16.0.30523.141
MinimumVisualStudioVersion = 10.0.40219.1
Project("{FAE04EC0-301F-11D3-BF4B-00C04F79EFBC}") = "Task11", "Task11\Task11.csproj", "{65863B23-EBCC-4999-A3DE-951C9E129D3C}"
EndProject
Project("{FAE04EC0-301F-11D3-BF4B-00C04F79EFBC}") = "UnitTestProject", "UnitTestProject\UnitTestProject.csproj", "{8916CBC9-F007-4F78-AA66-3255BA517840}"
EndProject
Global
	GlobalSection(SolutionConfigurationPlatforms) = preSolution
		Debug|Any CPU = Debug|Any CPU
		Release|Any CPU = Release|Any CPU
	EndGlobalSection
	GlobalSection(ProjectConfigurationPlatforms) = postSolution
		{65863B23-EBCC-4999-A3DE-951C9E129D3C}.Debug|Any CPU.ActiveCfg = Debug|Any CPU
		{65863B23-EBCC-4999-A3DE-951C9E129D3C}.Debug|Any CPU.Build.0 = Debug|Any CPU
		{65863B23-EBCC-4999-A3DE-951C9E129D3C}.Release|Any CPU.ActiveCfg = Release|Any CPU
		{65863B23-EBCC-4999-A3DE-951C9E129D3C}.Release|Any CPU.Build.0 = Release|Any CPU
		{8916CBC9-F007-4F78-AA66-3255BA517840}.Debug|Any CPU.ActiveCfg = Debug|Any CPU
		{8916CBC9-F007-4F78-AA66-3255BA517840}.Debug|Any CPU.Build.0 = Debug|Any CPU
		{8916CBC9-F007-4F78-AA66-3255BA517840}.Release|Any CPU.ActiveCfg = Release|Any CPU
		{8916CBC9-F007-4F78-AA66-3255BA517840}.Release|Any CPU.Build.0 = Release|Any CPU
	EndGlobalSection
	GlobalSection(SolutionProperties) = preSolution
		HideSolutionNode = FALSE
	EndGlobalSection
	GlobalSection(ExtensibilityGlobals) = postSolution
		SolutionGuid = {20014CCF-2EA0-4CCE-8F7E-ED0AF4A09416}
	EndGlobalSection
EndGlobal
